// !$*UTF8*$!
{
	archiveVersion = 1;
	classes = {
	};
	objectVersion = 46;
	objects = {

/* Begin PBXBuildFile section */
		51DBC91F16F9116300D4DB0D /* UIKit.framework in Frameworks */ = {isa = PBXBuildFile; fileRef = 51DBC91E16F9116300D4DB0D /* UIKit.framework */; };
		51DBC92116F9116300D4DB0D /* Foundation.framework in Frameworks */ = {isa = PBXBuildFile; fileRef = 51DBC92016F9116300D4DB0D /* Foundation.framework */; };
		51DBC92316F9116300D4DB0D /* CoreGraphics.framework in Frameworks */ = {isa = PBXBuildFile; fileRef = 51DBC92216F9116300D4DB0D /* CoreGraphics.framework */; };
		51DBC92916F9116300D4DB0D /* InfoPlist.strings in Resources */ = {isa = PBXBuildFile; fileRef = 51DBC92716F9116300D4DB0D /* InfoPlist.strings */; };
		51DBC92B16F9116300D4DB0D /* main.m in Sources */ = {isa = PBXBuildFile; fileRef = 51DBC92A16F9116300D4DB0D /* main.m */; };
		51DBC92F16F9116300D4DB0D /* ACAppDelegate.m in Sources */ = {isa = PBXBuildFile; fileRef = 51DBC92E16F9116300D4DB0D /* ACAppDelegate.m */; };
		51DBC93116F9116300D4DB0D /* Default.png in Resources */ = {isa = PBXBuildFile; fileRef = 51DBC93016F9116300D4DB0D /* Default.png */; };
		51DBC93316F9116300D4DB0D /* Default@2x.png in Resources */ = {isa = PBXBuildFile; fileRef = 51DBC93216F9116300D4DB0D /* Default@2x.png */; };
		51DBC93516F9116300D4DB0D /* Default-568h@2x.png in Resources */ = {isa = PBXBuildFile; fileRef = 51DBC93416F9116300D4DB0D /* Default-568h@2x.png */; };
		51DBC93816F9116300D4DB0D /* ACViewController.m in Sources */ = {isa = PBXBuildFile; fileRef = 51DBC93716F9116300D4DB0D /* ACViewController.m */; };
		51DBC93B16F9116300D4DB0D /* ACViewController.xib in Resources */ = {isa = PBXBuildFile; fileRef = 51DBC93916F9116300D4DB0D /* ACViewController.xib */; };
		51DBC94316F9116300D4DB0D /* SenTestingKit.framework in Frameworks */ = {isa = PBXBuildFile; fileRef = 51DBC94216F9116300D4DB0D /* SenTestingKit.framework */; };
		51DBC94416F9116300D4DB0D /* UIKit.framework in Frameworks */ = {isa = PBXBuildFile; fileRef = 51DBC91E16F9116300D4DB0D /* UIKit.framework */; };
		51DBC94516F9116300D4DB0D /* Foundation.framework in Frameworks */ = {isa = PBXBuildFile; fileRef = 51DBC92016F9116300D4DB0D /* Foundation.framework */; };
		51DBC94D16F9116300D4DB0D /* InfoPlist.strings in Resources */ = {isa = PBXBuildFile; fileRef = 51DBC94B16F9116300D4DB0D /* InfoPlist.strings */; };
		51DBC95016F9116400D4DB0D /* MaltDemoTests.m in Sources */ = {isa = PBXBuildFile; fileRef = 51DBC94F16F9116400D4DB0D /* MaltDemoTests.m */; };
/* End PBXBuildFile section */

/* Begin PBXContainerItemProxy section */
		51DBC94616F9116300D4DB0D /* PBXContainerItemProxy */ = {
			isa = PBXContainerItemProxy;
			containerPortal = 51DBC91316F9116300D4DB0D /* Project object */;
			proxyType = 1;
			remoteGlobalIDString = 51DBC91A16F9116300D4DB0D;
			remoteInfo = MaltDemo;
		};
/* End PBXContainerItemProxy section */

/* Begin PBXFileReference section */
		51DBC91B16F9116300D4DB0D /* MaltDemo.app */ = {isa = PBXFileReference; explicitFileType = wrapper.application; includeInIndex = 0; path = MaltDemo.app; sourceTree = BUILT_PRODUCTS_DIR; };
		51DBC91E16F9116300D4DB0D /* UIKit.framework */ = {isa = PBXFileReference; lastKnownFileType = wrapper.framework; name = UIKit.framework; path = System/Library/Frameworks/UIKit.framework; sourceTree = SDKROOT; };
		51DBC92016F9116300D4DB0D /* Foundation.framework */ = {isa = PBXFileReference; lastKnownFileType = wrapper.framework; name = Foundation.framework; path = System/Library/Frameworks/Foundation.framework; sourceTree = SDKROOT; };
		51DBC92216F9116300D4DB0D /* CoreGraphics.framework */ = {isa = PBXFileReference; lastKnownFileType = wrapper.framework; name = CoreGraphics.framework; path = System/Library/Frameworks/CoreGraphics.framework; sourceTree = SDKROOT; };
		51DBC92616F9116300D4DB0D /* MaltDemo-Info.plist */ = {isa = PBXFileReference; lastKnownFileType = text.plist.xml; path = "MaltDemo-Info.plist"; sourceTree = "<group>"; };
		51DBC92816F9116300D4DB0D /* en */ = {isa = PBXFileReference; lastKnownFileType = text.plist.strings; name = en; path = en.lproj/InfoPlist.strings; sourceTree = "<group>"; };
		51DBC92A16F9116300D4DB0D /* main.m */ = {isa = PBXFileReference; lastKnownFileType = sourcecode.c.objc; path = main.m; sourceTree = "<group>"; };
		51DBC92C16F9116300D4DB0D /* MaltDemo-Prefix.pch */ = {isa = PBXFileReference; lastKnownFileType = sourcecode.c.h; path = "MaltDemo-Prefix.pch"; sourceTree = "<group>"; };
		51DBC92D16F9116300D4DB0D /* ACAppDelegate.h */ = {isa = PBXFileReference; lastKnownFileType = sourcecode.c.h; path = ACAppDelegate.h; sourceTree = "<group>"; };
		51DBC92E16F9116300D4DB0D /* ACAppDelegate.m */ = {isa = PBXFileReference; lastKnownFileType = sourcecode.c.objc; path = ACAppDelegate.m; sourceTree = "<group>"; };
		51DBC93016F9116300D4DB0D /* Default.png */ = {isa = PBXFileReference; lastKnownFileType = image.png; path = Default.png; sourceTree = "<group>"; };
		51DBC93216F9116300D4DB0D /* Default@2x.png */ = {isa = PBXFileReference; lastKnownFileType = image.png; path = "Default@2x.png"; sourceTree = "<group>"; };
		51DBC93416F9116300D4DB0D /* Default-568h@2x.png */ = {isa = PBXFileReference; lastKnownFileType = image.png; path = "Default-568h@2x.png"; sourceTree = "<group>"; };
		51DBC93616F9116300D4DB0D /* ACViewController.h */ = {isa = PBXFileReference; lastKnownFileType = sourcecode.c.h; path = ACViewController.h; sourceTree = "<group>"; };
		51DBC93716F9116300D4DB0D /* ACViewController.m */ = {isa = PBXFileReference; lastKnownFileType = sourcecode.c.objc; path = ACViewController.m; sourceTree = "<group>"; };
		51DBC93A16F9116300D4DB0D /* en */ = {isa = PBXFileReference; lastKnownFileType = file.xib; name = en; path = en.lproj/ACViewController.xib; sourceTree = "<group>"; };
		51DBC94116F9116300D4DB0D /* MaltDemoTests.octest */ = {isa = PBXFileReference; explicitFileType = wrapper.cfbundle; includeInIndex = 0; path = MaltDemoTests.octest; sourceTree = BUILT_PRODUCTS_DIR; };
		51DBC94216F9116300D4DB0D /* SenTestingKit.framework */ = {isa = PBXFileReference; lastKnownFileType = wrapper.framework; name = SenTestingKit.framework; path = Library/Frameworks/SenTestingKit.framework; sourceTree = DEVELOPER_DIR; };
		51DBC94A16F9116300D4DB0D /* MaltDemoTests-Info.plist */ = {isa = PBXFileReference; lastKnownFileType = text.plist.xml; path = "MaltDemoTests-Info.plist"; sourceTree = "<group>"; };
		51DBC94C16F9116300D4DB0D /* en */ = {isa = PBXFileReference; lastKnownFileType = text.plist.strings; name = en; path = en.lproj/InfoPlist.strings; sourceTree = "<group>"; };
		51DBC94E16F9116300D4DB0D /* MaltDemoTests.h */ = {isa = PBXFileReference; lastKnownFileType = sourcecode.c.h; path = MaltDemoTests.h; sourceTree = "<group>"; };
		51DBC94F16F9116400D4DB0D /* MaltDemoTests.m */ = {isa = PBXFileReference; lastKnownFileType = sourcecode.c.objc; path = MaltDemoTests.m; sourceTree = "<group>"; };
/* End PBXFileReference section */

/* Begin PBXFrameworksBuildPhase section */
		51DBC91816F9116300D4DB0D /* Frameworks */ = {
			isa = PBXFrameworksBuildPhase;
			buildActionMask = 2147483647;
			files = (
				51DBC91F16F9116300D4DB0D /* UIKit.framework in Frameworks */,
				51DBC92116F9116300D4DB0D /* Foundation.framework in Frameworks */,
				51DBC92316F9116300D4DB0D /* CoreGraphics.framework in Frameworks */,
			);
			runOnlyForDeploymentPostprocessing = 0;
		};
		51DBC93D16F9116300D4DB0D /* Frameworks */ = {
			isa = PBXFrameworksBuildPhase;
			buildActionMask = 2147483647;
			files = (
				51DBC94316F9116300D4DB0D /* SenTestingKit.framework in Frameworks */,
				51DBC94416F9116300D4DB0D /* UIKit.framework in Frameworks */,
				51DBC94516F9116300D4DB0D /* Foundation.framework in Frameworks */,
			);
			runOnlyForDeploymentPostprocessing = 0;
		};
/* End PBXFrameworksBuildPhase section */

/* Begin PBXGroup section */
		51DBC91216F9116300D4DB0D = {
			isa = PBXGroup;
			children = (
				51DBC92416F9116300D4DB0D /* MaltDemo */,
				51DBC94816F9116300D4DB0D /* MaltDemoTests */,
				51DBC91D16F9116300D4DB0D /* Frameworks */,
				51DBC91C16F9116300D4DB0D /* Products */,
			);
			sourceTree = "<group>";
		};
		51DBC91C16F9116300D4DB0D /* Products */ = {
			isa = PBXGroup;
			children = (
				51DBC91B16F9116300D4DB0D /* MaltDemo.app */,
				51DBC94116F9116300D4DB0D /* MaltDemoTests.octest */,
			);
			name = Products;
			sourceTree = "<group>";
		};
		51DBC91D16F9116300D4DB0D /* Frameworks */ = {
			isa = PBXGroup;
			children = (
				51DBC91E16F9116300D4DB0D /* UIKit.framework */,
				51DBC92016F9116300D4DB0D /* Foundation.framework */,
				51DBC92216F9116300D4DB0D /* CoreGraphics.framework */,
				51DBC94216F9116300D4DB0D /* SenTestingKit.framework */,
			);
			name = Frameworks;
			sourceTree = "<group>";
		};
		51DBC92416F9116300D4DB0D /* MaltDemo */ = {
			isa = PBXGroup;
			children = (
				51DBC92D16F9116300D4DB0D /* ACAppDelegate.h */,
				51DBC92E16F9116300D4DB0D /* ACAppDelegate.m */,
				51DBC93616F9116300D4DB0D /* ACViewController.h */,
				51DBC93716F9116300D4DB0D /* ACViewController.m */,
				51DBC93916F9116300D4DB0D /* ACViewController.xib */,
				51DBC92516F9116300D4DB0D /* Supporting Files */,
			);
			path = MaltDemo;
			sourceTree = "<group>";
		};
		51DBC92516F9116300D4DB0D /* Supporting Files */ = {
			isa = PBXGroup;
			children = (
				51DBC92616F9116300D4DB0D /* MaltDemo-Info.plist */,
				51DBC92716F9116300D4DB0D /* InfoPlist.strings */,
				51DBC92A16F9116300D4DB0D /* main.m */,
				51DBC92C16F9116300D4DB0D /* MaltDemo-Prefix.pch */,
				51DBC93016F9116300D4DB0D /* Default.png */,
				51DBC93216F9116300D4DB0D /* Default@2x.png */,
				51DBC93416F9116300D4DB0D /* Default-568h@2x.png */,
			);
			name = "Supporting Files";
			sourceTree = "<group>";
		};
		51DBC94816F9116300D4DB0D /* MaltDemoTests */ = {
			isa = PBXGroup;
			children = (
				51DBC94E16F9116300D4DB0D /* MaltDemoTests.h */,
				51DBC94F16F9116400D4DB0D /* MaltDemoTests.m */,
				51DBC94916F9116300D4DB0D /* Supporting Files */,
			);
			path = MaltDemoTests;
			sourceTree = "<group>";
		};
		51DBC94916F9116300D4DB0D /* Supporting Files */ = {
			isa = PBXGroup;
			children = (
				51DBC94A16F9116300D4DB0D /* MaltDemoTests-Info.plist */,
				51DBC94B16F9116300D4DB0D /* InfoPlist.strings */,
			);
			name = "Supporting Files";
			sourceTree = "<group>";
		};
/* End PBXGroup section */

/* Begin PBXNativeTarget section */
		51DBC91A16F9116300D4DB0D /* MaltDemo */ = {
			isa = PBXNativeTarget;
			buildConfigurationList = 51DBC95316F9116400D4DB0D /* Build configuration list for PBXNativeTarget "MaltDemo" */;
			buildPhases = (
				51DBC91716F9116300D4DB0D /* Sources */,
				51DBC91816F9116300D4DB0D /* Frameworks */,
				51DBC91916F9116300D4DB0D /* Resources */,
			);
			buildRules = (
			);
			dependencies = (
			);
			name = MaltDemo;
			productName = MaltDemo;
			productReference = 51DBC91B16F9116300D4DB0D /* MaltDemo.app */;
			productType = "com.apple.product-type.application";
		};
		51DBC94016F9116300D4DB0D /* MaltDemoTests */ = {
			isa = PBXNativeTarget;
			buildConfigurationList = 51DBC95616F9116400D4DB0D /* Build configuration list for PBXNativeTarget "MaltDemoTests" */;
			buildPhases = (
				51DBC93C16F9116300D4DB0D /* Sources */,
				51DBC93D16F9116300D4DB0D /* Frameworks */,
				51DBC93E16F9116300D4DB0D /* Resources */,
				51DBC93F16F9116300D4DB0D /* ShellScript */,
			);
			buildRules = (
			);
			dependencies = (
				51DBC94716F9116300D4DB0D /* PBXTargetDependency */,
			);
			name = MaltDemoTests;
			productName = MaltDemoTests;
			productReference = 51DBC94116F9116300D4DB0D /* MaltDemoTests.octest */;
			productType = "com.apple.product-type.bundle";
		};
/* End PBXNativeTarget section */

/* Begin PBXProject section */
		51DBC91316F9116300D4DB0D /* Project object */ = {
			isa = PBXProject;
			attributes = {
				CLASSPREFIX = AC;
				LastUpgradeCheck = 0460;
				ORGANIZATIONNAME = acoomans;
			};
			buildConfigurationList = 51DBC91616F9116300D4DB0D /* Build configuration list for PBXProject "MaltDemo" */;
			compatibilityVersion = "Xcode 3.2";
			developmentRegion = English;
			hasScannedForEncodings = 0;
			knownRegions = (
				en,
			);
			mainGroup = 51DBC91216F9116300D4DB0D;
			productRefGroup = 51DBC91C16F9116300D4DB0D /* Products */;
			projectDirPath = "";
			projectRoot = "";
			targets = (
				51DBC91A16F9116300D4DB0D /* MaltDemo */,
				51DBC94016F9116300D4DB0D /* MaltDemoTests */,
			);
		};
/* End PBXProject section */

/* Begin PBXResourcesBuildPhase section */
		51DBC91916F9116300D4DB0D /* Resources */ = {
			isa = PBXResourcesBuildPhase;
			buildActionMask = 2147483647;
			files = (
				51DBC92916F9116300D4DB0D /* InfoPlist.strings in Resources */,
				51DBC93116F9116300D4DB0D /* Default.png in Resources */,
				51DBC93316F9116300D4DB0D /* Default@2x.png in Resources */,
				51DBC93516F9116300D4DB0D /* Default-568h@2x.png in Resources */,
				51DBC93B16F9116300D4DB0D /* ACViewController.xib in Resources */,
			);
			runOnlyForDeploymentPostprocessing = 0;
		};
		51DBC93E16F9116300D4DB0D /* Resources */ = {
			isa = PBXResourcesBuildPhase;
			buildActionMask = 2147483647;
			files = (
				51DBC94D16F9116300D4DB0D /* InfoPlist.strings in Resources */,
			);
			runOnlyForDeploymentPostprocessing = 0;
		};
/* End PBXResourcesBuildPhase section */

/* Begin PBXShellScriptBuildPhase section */
		51DBC93F16F9116300D4DB0D /* ShellScript */ = {
			isa = PBXShellScriptBuildPhase;
			buildActionMask = 2147483647;
			files = (
			);
			inputPaths = (
			);
			outputPaths = (
			);
			runOnlyForDeploymentPostprocessing = 0;
			shellPath = /bin/sh;
			shellScript = "# Run the unit tests in this test bundle.\n\"${SYSTEM_DEVELOPER_DIR}/Tools/RunUnitTests\"\n";
		};
/* End PBXShellScriptBuildPhase section */

/* Begin PBXSourcesBuildPhase section */
		51DBC91716F9116300D4DB0D /* Sources */ = {
			isa = PBXSourcesBuildPhase;
			buildActionMask = 2147483647;
			files = (
				51DBC92B16F9116300D4DB0D /* main.m in Sources */,
				51DBC92F16F9116300D4DB0D /* ACAppDelegate.m in Sources */,
				51DBC93816F9116300D4DB0D /* ACViewController.m in Sources */,
			);
			runOnlyForDeploymentPostprocessing = 0;
		};
		51DBC93C16F9116300D4DB0D /* Sources */ = {
			isa = PBXSourcesBuildPhase;
			buildActionMask = 2147483647;
			files = (
				51DBC95016F9116400D4DB0D /* MaltDemoTests.m in Sources */,
			);
			runOnlyForDeploymentPostprocessing = 0;
		};
/* End PBXSourcesBuildPhase section */

/* Begin PBXTargetDependency section */
		51DBC94716F9116300D4DB0D /* PBXTargetDependency */ = {
			isa = PBXTargetDependency;
			target = 51DBC91A16F9116300D4DB0D /* MaltDemo */;
			targetProxy = 51DBC94616F9116300D4DB0D /* PBXContainerItemProxy */;
		};
/* End PBXTargetDependency section */

/* Begin PBXVariantGroup section */
		51DBC92716F9116300D4DB0D /* InfoPlist.strings */ = {
			isa = PBXVariantGroup;
			children = (
				51DBC92816F9116300D4DB0D /* en */,
			);
			name = InfoPlist.strings;
			sourceTree = "<group>";
		};
		51DBC93916F9116300D4DB0D /* ACViewController.xib */ = {
			isa = PBXVariantGroup;
			children = (
				51DBC93A16F9116300D4DB0D /* en */,
			);
			name = ACViewController.xib;
			sourceTree = "<group>";
		};
		51DBC94B16F9116300D4DB0D /* InfoPlist.strings */ = {
			isa = PBXVariantGroup;
			children = (
				51DBC94C16F9116300D4DB0D /* en */,
			);
			name = InfoPlist.strings;
			sourceTree = "<group>";
		};
/* End PBXVariantGroup section */

/* Begin XCBuildConfiguration section */
		51DBC95116F9116400D4DB0D /* Debug */ = {
			isa = XCBuildConfiguration;
			buildSettings = {
				ALWAYS_SEARCH_USER_PATHS = NO;
				CLANG_CXX_LANGUAGE_STANDARD = "gnu++0x";
				CLANG_CXX_LIBRARY = "libc++";
				CLANG_ENABLE_OBJC_ARC = YES;
				CLANG_WARN_CONSTANT_CONVERSION = YES;
				CLANG_WARN_EMPTY_BODY = YES;
				CLANG_WARN_ENUM_CONVERSION = YES;
				CLANG_WARN_INT_CONVERSION = YES;
				CLANG_WARN__DUPLICATE_METHOD_MATCH = YES;
				"CODE_SIGN_IDENTITY[sdk=iphoneos*]" = "iPhone Developer";
				COPY_PHASE_STRIP = NO;
				GCC_C_LANGUAGE_STANDARD = gnu99;
				GCC_DYNAMIC_NO_PIC = NO;
				GCC_OPTIMIZATION_LEVEL = 0;
				GCC_PREPROCESSOR_DEFINITIONS = (
					"DEBUG=1",
					"$(inherited)",
				);
				GCC_SYMBOLS_PRIVATE_EXTERN = NO;
				GCC_WARN_ABOUT_RETURN_TYPE = YES;
				GCC_WARN_UNINITIALIZED_AUTOS = YES;
				GCC_WARN_UNUSED_VARIABLE = YES;
				IPHONEOS_DEPLOYMENT_TARGET = 6.1;
				ONLY_ACTIVE_ARCH = YES;
				SDKROOT = iphoneos;
			};
			name = Debug;
		};
		51DBC95216F9116400D4DB0D /* Release */ = {
			isa = XCBuildConfiguration;
			buildSettings = {
				ALWAYS_SEARCH_USER_PATHS = NO;
				CLANG_CXX_LANGUAGE_STANDARD = "gnu++0x";
				CLANG_CXX_LIBRARY = "libc++";
				CLANG_ENABLE_OBJC_ARC = YES;
				CLANG_WARN_CONSTANT_CONVERSION = YES;
				CLANG_WARN_EMPTY_BODY = YES;
				CLANG_WARN_ENUM_CONVERSION = YES;
				CLANG_WARN_INT_CONVERSION = YES;
				CLANG_WARN__DUPLICATE_METHOD_MATCH = YES;
				"CODE_SIGN_IDENTITY[sdk=iphoneos*]" = "iPhone Developer";
				COPY_PHASE_STRIP = YES;
				GCC_C_LANGUAGE_STANDARD = gnu99;
				GCC_WARN_ABOUT_RETURN_TYPE = YES;
				GCC_WARN_UNINITIALIZED_AUTOS = YES;
				GCC_WARN_UNUSED_VARIABLE = YES;
				IPHONEOS_DEPLOYMENT_TARGET = 6.1;
				OTHER_CFLAGS = "-DNS_BLOCK_ASSERTIONS=1";
				SDKROOT = iphoneos;
				VALIDATE_PRODUCT = YES;
			};
			name = Release;
		};
		51DBC95416F9116400D4DB0D /* Debug */ = {
			isa = XCBuildConfiguration;
			buildSettings = {
				GCC_PRECOMPILE_PREFIX_HEADER = YES;
				GCC_PREFIX_HEADER = "MaltDemo/MaltDemo-Prefix.pch";
				INFOPLIST_FILE = "MaltDemo/MaltDemo-Info.plist";
				PRODUCT_NAME = "$(TARGET_NAME)";
				WRAPPER_EXTENSION = app;
			};
			name = Debug;
		};
		51DBC95516F9116400D4DB0D /* Release */ = {
			isa = XCBuildConfiguration;
			buildSettings = {
				GCC_PRECOMPILE_PREFIX_HEADER = YES;
				GCC_PREFIX_HEADER = "MaltDemo/MaltDemo-Prefix.pch";
				INFOPLIST_FILE = "MaltDemo/MaltDemo-Info.plist";
				PRODUCT_NAME = "$(TARGET_NAME)";
				WRAPPER_EXTENSION = app;
			};
			name = Release;
		};
		51DBC95716F9116400D4DB0D /* Debug */ = {
			isa = XCBuildConfiguration;
			buildSettings = {
				BUNDLE_LOADER = "$(BUILT_PRODUCTS_DIR)/MaltDemo.app/MaltDemo";
				FRAMEWORK_SEARCH_PATHS = (
					"\"$(SDKROOT)/Developer/Library/Frameworks\"",
					"\"$(DEVELOPER_LIBRARY_DIR)/Frameworks\"",
				);
				GCC_PRECOMPILE_PREFIX_HEADER = YES;
				GCC_PREFIX_HEADER = "MaltDemo/MaltDemo-Prefix.pch";
				INFOPLIST_FILE = "MaltDemoTests/MaltDemoTests-Info.plist";
				PRODUCT_NAME = "$(TARGET_NAME)";
				TEST_HOST = "$(BUNDLE_LOADER)";
				WRAPPER_EXTENSION = octest;
			};
			name = Debug;
		};
		51DBC95816F9116400D4DB0D /* Release */ = {
			isa = XCBuildConfiguration;
			buildSettings = {
				BUNDLE_LOADER = "$(BUILT_PRODUCTS_DIR)/MaltDemo.app/MaltDemo";
				FRAMEWORK_SEARCH_PATHS = (
					"\"$(SDKROOT)/Developer/Library/Frameworks\"",
					"\"$(DEVELOPER_LIBRARY_DIR)/Frameworks\"",
				);
				GCC_PRECOMPILE_PREFIX_HEADER = YES;
				GCC_PREFIX_HEADER = "MaltDemo/MaltDemo-Prefix.pch";
				INFOPLIST_FILE = "MaltDemoTests/MaltDemoTests-Info.plist";
				PRODUCT_NAME = "$(TARGET_NAME)";
				TEST_HOST = "$(BUNDLE_LOADER)";
				WRAPPER_EXTENSION = octest;
			};
			name = Release;
		};
/* End XCBuildConfiguration section */

/* Begin XCConfigurationList section */
		51DBC91616F9116300D4DB0D /* Build configuration list for PBXProject "MaltDemo" */ = {
			isa = XCConfigurationList;
			buildConfigurations = (
				51DBC95116F9116400D4DB0D /* Debug */,
				51DBC95216F9116400D4DB0D /* Release */,
			);
			defaultConfigurationIsVisible = 0;
			defaultConfigurationName = Release;
		};
		51DBC95316F9116400D4DB0D /* Build configuration list for PBXNativeTarget "MaltDemo" */ = {
			isa = XCConfigurationList;
			buildConfigurations = (
				51DBC95416F9116400D4DB0D /* Debug */,
				51DBC95516F9116400D4DB0D /* Release */,
			);
			defaultConfigurationIsVisible = 0;
		};
		51DBC95616F9116400D4DB0D /* Build configuration list for PBXNativeTarget "MaltDemoTests" */ = {
			isa = XCConfigurationList;
			buildConfigurations = (
				51DBC95716F9116400D4DB0D /* Debug */,
				51DBC95816F9116400D4DB0D /* Release */,
			);
			defaultConfigurationIsVisible = 0;
		};
/* End XCConfigurationList section */
	};
	rootObject = 51DBC91316F9116300D4DB0D /* Project object */;
}
